
Microsoft Visual Studio Solution File, Format Version 12.00
# Visual Studio 15
VisualStudioVersion = 15.0.28307.421
MinimumVisualStudioVersion = 10.0.40219.1
Project("{9A19103F-16F7-4668-BE54-9A1E7A4F7556}") = "Backend", "Backend\Backend.csproj", "{BD0F33AD-33C2-4BD7-AB30-A25DCB9294E7}"
EndProject
Project("{FAE04EC0-301F-11D3-BF4B-00C04F79EFBC}") = "FrontendWPF", "FrontendWPF\FrontendWPF.csproj", "{E25549E3-D9E0-48B2-9FF0-B555494B5875}"
EndProject
Global
	GlobalSection(SolutionConfigurationPlatforms) = preSolution
		Debug|Any CPU = Debug|Any CPU
		Release|Any CPU = Release|Any CPU
	EndGlobalSection
	GlobalSection(ProjectConfigurationPlatforms) = postSolution
		{BD0F33AD-33C2-4BD7-AB30-A25DCB9294E7}.Debug|Any CPU.ActiveCfg = Debug|Any CPU
		{BD0F33AD-33C2-4BD7-AB30-A25DCB9294E7}.Debug|Any CPU.Build.0 = Debug|Any CPU
		{BD0F33AD-33C2-4BD7-AB30-A25DCB9294E7}.Release|Any CPU.ActiveCfg = Release|Any CPU
		{BD0F33AD-33C2-4BD7-AB30-A25DCB9294E7}.Release|Any CPU.Build.0 = Release|Any CPU
		{E25549E3-D9E0-48B2-9FF0-B555494B5875}.Debug|Any CPU.ActiveCfg = Debug|Any CPU
		{E25549E3-D9E0-48B2-9FF0-B555494B5875}.Debug|Any CPU.Build.0 = Debug|Any CPU
		{E25549E3-D9E0-48B2-9FF0-B555494B5875}.Release|Any CPU.ActiveCfg = Release|Any CPU
		{E25549E3-D9E0-48B2-9FF0-B555494B5875}.Release|Any CPU.Build.0 = Release|Any CPU
	EndGlobalSection
	GlobalSection(SolutionProperties) = preSolution
		HideSolutionNode = FALSE
	EndGlobalSection
	GlobalSection(ExtensibilityGlobals) = postSolution
		SolutionGuid = {7AAD6886-25C7-4764-847C-F391E44BBEE5}
	EndGlobalSection
EndGlobal
